// !$*UTF8*$!
{
	archiveVersion = 1;
	classes = {
	};
	objectVersion = 51;
	objects = {

/* Begin PBXBuildFile section */
		50098C3824E64D74004759FE /* TodoList.swift in Sources */ = {isa = PBXBuildFile; fileRef = 50098C3724E64D74004759FE /* TodoList.swift */; };
		50098C3A24E689DF004759FE /* TodoTableViewCell.swift in Sources */ = {isa = PBXBuildFile; fileRef = 50098C3924E689DF004759FE /* TodoTableViewCell.swift */; };
		50376D3724E5379600D95A6B /* AppDelegate.swift in Sources */ = {isa = PBXBuildFile; fileRef = 50376D3624E5379600D95A6B /* AppDelegate.swift */; };
		50376D3924E5379600D95A6B /* SceneDelegate.swift in Sources */ = {isa = PBXBuildFile; fileRef = 50376D3824E5379600D95A6B /* SceneDelegate.swift */; };
		50376D3B24E5379600D95A6B /* ViewController.swift in Sources */ = {isa = PBXBuildFile; fileRef = 50376D3A24E5379600D95A6B /* ViewController.swift */; };
		50376D3E24E5379600D95A6B /* Main.storyboard in Resources */ = {isa = PBXBuildFile; fileRef = 50376D3C24E5379600D95A6B /* Main.storyboard */; };
		50376D4124E5379600D95A6B /* HomeWork14.xcdatamodeld in Sources */ = {isa = PBXBuildFile; fileRef = 50376D3F24E5379600D95A6B /* HomeWork14.xcdatamodeld */; };
		50376D4324E5379800D95A6B /* Assets.xcassets in Resources */ = {isa = PBXBuildFile; fileRef = 50376D4224E5379800D95A6B /* Assets.xcassets */; };
		50376D4624E5379800D95A6B /* LaunchScreen.storyboard in Resources */ = {isa = PBXBuildFile; fileRef = 50376D4424E5379800D95A6B /* LaunchScreen.storyboard */; };
		50376D4E24E5415C00D95A6B /* RealmViewController.swift in Sources */ = {isa = PBXBuildFile; fileRef = 50376D4D24E5415C00D95A6B /* RealmViewController.swift */; };
		50376D5024E5416A00D95A6B /* CoreDataViewController.swift in Sources */ = {isa = PBXBuildFile; fileRef = 50376D4F24E5416A00D95A6B /* CoreDataViewController.swift */; };
		50376D5224E54C8A00D95A6B /* Persistance.swift in Sources */ = {isa = PBXBuildFile; fileRef = 50376D5124E54C8A00D95A6B /* Persistance.swift */; };
		50A7CF3724EACE4B00C801BD /* ViewControllerAlamofire.swift in Sources */ = {isa = PBXBuildFile; fileRef = 50A7CF3124EACE4B00C801BD /* ViewControllerAlamofire.swift */; };
		50A7CF3824EACE4B00C801BD /* WeatherCellView.xib in Resources */ = {isa = PBXBuildFile; fileRef = 50A7CF3224EACE4B00C801BD /* WeatherCellView.xib */; };
		50A7CF3924EACE4B00C801BD /* WeatherData.swift in Sources */ = {isa = PBXBuildFile; fileRef = 50A7CF3324EACE4B00C801BD /* WeatherData.swift */; };
		50A7CF3A24EACE4B00C801BD /* TableViewCell.swift in Sources */ = {isa = PBXBuildFile; fileRef = 50A7CF3424EACE4B00C801BD /* TableViewCell.swift */; };
		50A7CF3B24EACE4B00C801BD /* WeatherLoader.swift in Sources */ = {isa = PBXBuildFile; fileRef = 50A7CF3524EACE4B00C801BD /* WeatherLoader.swift */; };
		50A7CF3C24EACE4B00C801BD /* WeatherCellView.swift in Sources */ = {isa = PBXBuildFile; fileRef = 50A7CF3624EACE4B00C801BD /* WeatherCellView.swift */; };
		B8FCAD868D7F788163B38703 /* Pods_HomeWork14.framework in Frameworks */ = {isa = PBXBuildFile; fileRef = E73E6E439576D2A6000F9AC9 /* Pods_HomeWork14.framework */; };
/* End PBXBuildFile section */

/* Begin PBXFileReference section */
		1CCA29E089DE3AC04447A481 /* Pods-HomeWork14.release.xcconfig */ = {isa = PBXFileReference; includeInIndex = 1; lastKnownFileType = text.xcconfig; name = "Pods-HomeWork14.release.xcconfig"; path = "Target Support Files/Pods-HomeWork14/Pods-HomeWork14.release.xcconfig"; sourceTree = "<group>"; };
		50098C3724E64D74004759FE /* TodoList.swift */ = {isa = PBXFileReference; lastKnownFileType = sourcecode.swift; path = TodoList.swift; sourceTree = "<group>"; };
		50098C3924E689DF004759FE /* TodoTableViewCell.swift */ = {isa = PBXFileReference; lastKnownFileType = sourcecode.swift; path = TodoTableViewCell.swift; sourceTree = "<group>"; };
		50376D3324E5379600D95A6B /* HomeWork14.app */ = {isa = PBXFileReference; explicitFileType = wrapper.application; includeInIndex = 0; path = HomeWork14.app; sourceTree = BUILT_PRODUCTS_DIR; };
		50376D3624E5379600D95A6B /* AppDelegate.swift */ = {isa = PBXFileReference; lastKnownFileType = sourcecode.swift; path = AppDelegate.swift; sourceTree = "<group>"; };
		50376D3824E5379600D95A6B /* SceneDelegate.swift */ = {isa = PBXFileReference; lastKnownFileType = sourcecode.swift; path = SceneDelegate.swift; sourceTree = "<group>"; };
		50376D3A24E5379600D95A6B /* ViewController.swift */ = {isa = PBXFileReference; lastKnownFileType = sourcecode.swift; path = ViewController.swift; sourceTree = "<group>"; };
		50376D3D24E5379600D95A6B /* Base */ = {isa = PBXFileReference; lastKnownFileType = file.storyboard; name = Base; path = Base.lproj/Main.storyboard; sourceTree = "<group>"; };
		50376D4024E5379600D95A6B /* HomeWork14.xcdatamodel */ = {isa = PBXFileReference; lastKnownFileType = wrapper.xcdatamodel; path = HomeWork14.xcdatamodel; sourceTree = "<group>"; };
		50376D4224E5379800D95A6B /* Assets.xcassets */ = {isa = PBXFileReference; lastKnownFileType = folder.assetcatalog; path = Assets.xcassets; sourceTree = "<group>"; };
		50376D4524E5379800D95A6B /* Base */ = {isa = PBXFileReference; lastKnownFileType = file.storyboard; name = Base; path = Base.lproj/LaunchScreen.storyboard; sourceTree = "<group>"; };
		50376D4724E5379800D95A6B /* Info.plist */ = {isa = PBXFileReference; lastKnownFileType = text.plist.xml; path = Info.plist; sourceTree = "<group>"; };
		50376D4D24E5415C00D95A6B /* RealmViewController.swift */ = {isa = PBXFileReference; lastKnownFileType = sourcecode.swift; path = RealmViewController.swift; sourceTree = "<group>"; };
		50376D4F24E5416A00D95A6B /* CoreDataViewController.swift */ = {isa = PBXFileReference; lastKnownFileType = sourcecode.swift; path = CoreDataViewController.swift; sourceTree = "<group>"; };
		50376D5124E54C8A00D95A6B /* Persistance.swift */ = {isa = PBXFileReference; lastKnownFileType = sourcecode.swift; path = Persistance.swift; sourceTree = "<group>"; };
		50A7CF3124EACE4B00C801BD /* ViewControllerAlamofire.swift */ = {isa = PBXFileReference; fileEncoding = 4; lastKnownFileType = sourcecode.swift; path = ViewControllerAlamofire.swift; sourceTree = "<group>"; };
		50A7CF3224EACE4B00C801BD /* WeatherCellView.xib */ = {isa = PBXFileReference; fileEncoding = 4; lastKnownFileType = file.xib; path = WeatherCellView.xib; sourceTree = "<group>"; };
		50A7CF3324EACE4B00C801BD /* WeatherData.swift */ = {isa = PBXFileReference; fileEncoding = 4; lastKnownFileType = sourcecode.swift; path = WeatherData.swift; sourceTree = "<group>"; };
		50A7CF3424EACE4B00C801BD /* TableViewCell.swift */ = {isa = PBXFileReference; fileEncoding = 4; lastKnownFileType = sourcecode.swift; path = TableViewCell.swift; sourceTree = "<group>"; };
		50A7CF3524EACE4B00C801BD /* WeatherLoader.swift */ = {isa = PBXFileReference; fileEncoding = 4; lastKnownFileType = sourcecode.swift; path = WeatherLoader.swift; sourceTree = "<group>"; };
		50A7CF3624EACE4B00C801BD /* WeatherCellView.swift */ = {isa = PBXFileReference; fileEncoding = 4; lastKnownFileType = sourcecode.swift; path = WeatherCellView.swift; sourceTree = "<group>"; };
		6465B585B6C72218E3D76A56 /* Pods-HomeWork14.debug.xcconfig */ = {isa = PBXFileReference; includeInIndex = 1; lastKnownFileType = text.xcconfig; name = "Pods-HomeWork14.debug.xcconfig"; path = "Target Support Files/Pods-HomeWork14/Pods-HomeWork14.debug.xcconfig"; sourceTree = "<group>"; };
		E73E6E439576D2A6000F9AC9 /* Pods_HomeWork14.framework */ = {isa = PBXFileReference; explicitFileType = wrapper.framework; includeInIndex = 0; path = Pods_HomeWork14.framework; sourceTree = BUILT_PRODUCTS_DIR; };
/* End PBXFileReference section */

/* Begin PBXFrameworksBuildPhase section */
		50376D3024E5379600D95A6B /* Frameworks */ = {
			isa = PBXFrameworksBuildPhase;
			buildActionMask = 2147483647;
			files = (
				B8FCAD868D7F788163B38703 /* Pods_HomeWork14.framework in Frameworks */,
			);
			runOnlyForDeploymentPostprocessing = 0;
		};
/* End PBXFrameworksBuildPhase section */

/* Begin PBXGroup section */
		50376D2A24E5379600D95A6B = {
			isa = PBXGroup;
			children = (
				50376D3524E5379600D95A6B /* HomeWork14 */,
				50376D3424E5379600D95A6B /* Products */,
				756DAA6030CFC84321221394 /* Pods */,
				AE1A1FCB69F1185229525473 /* Frameworks */,
			);
			sourceTree = "<group>";
		};
		50376D3424E5379600D95A6B /* Products */ = {
			isa = PBXGroup;
			children = (
				50376D3324E5379600D95A6B /* HomeWork14.app */,
			);
			name = Products;
			sourceTree = "<group>";
		};
		50376D3524E5379600D95A6B /* HomeWork14 */ = {
			isa = PBXGroup;
			children = (
				50A7CF3424EACE4B00C801BD /* TableViewCell.swift */,
				50A7CF3124EACE4B00C801BD /* ViewControllerAlamofire.swift */,
				50A7CF3624EACE4B00C801BD /* WeatherCellView.swift */,
				50A7CF3224EACE4B00C801BD /* WeatherCellView.xib */,
				50A7CF3324EACE4B00C801BD /* WeatherData.swift */,
				50A7CF3524EACE4B00C801BD /* WeatherLoader.swift */,
				50376D3624E5379600D95A6B /* AppDelegate.swift */,
				50376D3824E5379600D95A6B /* SceneDelegate.swift */,
				50376D3A24E5379600D95A6B /* ViewController.swift */,
				50376D3C24E5379600D95A6B /* Main.storyboard */,
				50376D4224E5379800D95A6B /* Assets.xcassets */,
				50376D4424E5379800D95A6B /* LaunchScreen.storyboard */,
				50376D4724E5379800D95A6B /* Info.plist */,
				50376D3F24E5379600D95A6B /* HomeWork14.xcdatamodeld */,
				50376D4D24E5415C00D95A6B /* RealmViewController.swift */,
				50376D4F24E5416A00D95A6B /* CoreDataViewController.swift */,
				50376D5124E54C8A00D95A6B /* Persistance.swift */,
				50098C3724E64D74004759FE /* TodoList.swift */,
				50098C3924E689DF004759FE /* TodoTableViewCell.swift */,
			);
			path = HomeWork14;
			sourceTree = "<group>";
		};
		756DAA6030CFC84321221394 /* Pods */ = {
			isa = PBXGroup;
			children = (
				6465B585B6C72218E3D76A56 /* Pods-HomeWork14.debug.xcconfig */,
				1CCA29E089DE3AC04447A481 /* Pods-HomeWork14.release.xcconfig */,
			);
			path = Pods;
			sourceTree = "<group>";
		};
		AE1A1FCB69F1185229525473 /* Frameworks */ = {
			isa = PBXGroup;
			children = (
				E73E6E439576D2A6000F9AC9 /* Pods_HomeWork14.framework */,
			);
			name = Frameworks;
			sourceTree = "<group>";
		};
/* End PBXGroup section */

/* Begin PBXNativeTarget section */
		50376D3224E5379600D95A6B /* HomeWork14 */ = {
			isa = PBXNativeTarget;
			buildConfigurationList = 50376D4A24E5379800D95A6B /* Build configuration list for PBXNativeTarget "HomeWork14" */;
			buildPhases = (
				3A8B1E48CB607C7AC700AC30 /* [CP] Check Pods Manifest.lock */,
				50376D2F24E5379600D95A6B /* Sources */,
				50376D3024E5379600D95A6B /* Frameworks */,
				50376D3124E5379600D95A6B /* Resources */,
				679F33932CD846B4FA7D998F /* [CP] Embed Pods Frameworks */,
			);
			buildRules = (
			);
			dependencies = (
			);
			name = HomeWork14;
			productName = HomeWork14;
			productReference = 50376D3324E5379600D95A6B /* HomeWork14.app */;
			productType = "com.apple.product-type.application";
		};
/* End PBXNativeTarget section */

/* Begin PBXProject section */
		50376D2B24E5379600D95A6B /* Project object */ = {
			isa = PBXProject;
			attributes = {
				LastSwiftUpdateCheck = 1160;
				LastUpgradeCheck = 1160;
				ORGANIZATIONNAME = Albert;
				TargetAttributes = {
					50376D3224E5379600D95A6B = {
						CreatedOnToolsVersion = 11.6;
					};
				};
			};
			buildConfigurationList = 50376D2E24E5379600D95A6B /* Build configuration list for PBXProject "HomeWork14" */;
			compatibilityVersion = "Xcode 9.3";
			developmentRegion = en;
			hasScannedForEncodings = 0;
			knownRegions = (
				en,
				Base,
			);
			mainGroup = 50376D2A24E5379600D95A6B;
			productRefGroup = 50376D3424E5379600D95A6B /* Products */;
			projectDirPath = "";
			projectRoot = "";
			targets = (
				50376D3224E5379600D95A6B /* HomeWork14 */,
			);
		};
/* End PBXProject section */

/* Begin PBXResourcesBuildPhase section */
		50376D3124E5379600D95A6B /* Resources */ = {
			isa = PBXResourcesBuildPhase;
			buildActionMask = 2147483647;
			files = (
				50376D4624E5379800D95A6B /* LaunchScreen.storyboard in Resources */,
				50376D4324E5379800D95A6B /* Assets.xcassets in Resources */,
				50376D3E24E5379600D95A6B /* Main.storyboard in Resources */,
				50A7CF3824EACE4B00C801BD /* WeatherCellView.xib in Resources */,
			);
			runOnlyForDeploymentPostprocessing = 0;
		};
/* End PBXResourcesBuildPhase section */

/* Begin PBXShellScriptBuildPhase section */
		3A8B1E48CB607C7AC700AC30 /* [CP] Check Pods Manifest.lock */ = {
			isa = PBXShellScriptBuildPhase;
			buildActionMask = 2147483647;
			files = (
			);
			inputFileListPaths = (
			);
			inputPaths = (
				"${PODS_PODFILE_DIR_PATH}/Podfile.lock",
				"${PODS_ROOT}/Manifest.lock",
			);
			name = "[CP] Check Pods Manifest.lock";
			outputFileListPaths = (
			);
			outputPaths = (
				"$(DERIVED_FILE_DIR)/Pods-HomeWork14-checkManifestLockResult.txt",
			);
			runOnlyForDeploymentPostprocessing = 0;
			shellPath = /bin/sh;
			shellScript = "diff \"${PODS_PODFILE_DIR_PATH}/Podfile.lock\" \"${PODS_ROOT}/Manifest.lock\" > /dev/null\nif [ $? != 0 ] ; then\n    # print error to STDERR\n    echo \"error: The sandbox is not in sync with the Podfile.lock. Run 'pod install' or update your CocoaPods installation.\" >&2\n    exit 1\nfi\n# This output is used by Xcode 'outputs' to avoid re-running this script phase.\necho \"SUCCESS\" > \"${SCRIPT_OUTPUT_FILE_0}\"\n";
			showEnvVarsInLog = 0;
		};
		679F33932CD846B4FA7D998F /* [CP] Embed Pods Frameworks */ = {
			isa = PBXShellScriptBuildPhase;
			buildActionMask = 2147483647;
			files = (
			);
			inputFileListPaths = (
				"${PODS_ROOT}/Target Support Files/Pods-HomeWork14/Pods-HomeWork14-frameworks-${CONFIGURATION}-input-files.xcfilelist",
			);
			name = "[CP] Embed Pods Frameworks";
			outputFileListPaths = (
				"${PODS_ROOT}/Target Support Files/Pods-HomeWork14/Pods-HomeWork14-frameworks-${CONFIGURATION}-output-files.xcfilelist",
			);
			runOnlyForDeploymentPostprocessing = 0;
			shellPath = /bin/sh;
			shellScript = "\"${PODS_ROOT}/Target Support Files/Pods-HomeWork14/Pods-HomeWork14-frameworks.sh\"\n";
			showEnvVarsInLog = 0;
		};
/* End PBXShellScriptBuildPhase section */

/* Begin PBXSourcesBuildPhase section */
		50376D2F24E5379600D95A6B /* Sources */ = {
			isa = PBXSourcesBuildPhase;
			buildActionMask = 2147483647;
			files = (
				50098C3824E64D74004759FE /* TodoList.swift in Sources */,
				50376D5224E54C8A00D95A6B /* Persistance.swift in Sources */,
				50A7CF3B24EACE4B00C801BD /* WeatherLoader.swift in Sources */,
				50376D4124E5379600D95A6B /* HomeWork14.xcdatamodeld in Sources */,
				50098C3A24E689DF004759FE /* TodoTableViewCell.swift in Sources */,
				50376D3B24E5379600D95A6B /* ViewController.swift in Sources */,
				50A7CF3924EACE4B00C801BD /* WeatherData.swift in Sources */,
				50A7CF3724EACE4B00C801BD /* ViewControllerAlamofire.swift in Sources */,
				50376D4E24E5415C00D95A6B /* RealmViewController.swift in Sources */,
				50376D5024E5416A00D95A6B /* CoreDataViewController.swift in Sources */,
				50A7CF3A24EACE4B00C801BD /* TableViewCell.swift in Sources */,
				50A7CF3C24EACE4B00C801BD /* WeatherCellView.swift in Sources */,
				50376D3724E5379600D95A6B /* AppDelegate.swift in Sources */,
				50376D3924E5379600D95A6B /* SceneDelegate.swift in Sources */,
			);
			runOnlyForDeploymentPostprocessing = 0;
		};
/* End PBXSourcesBuildPhase section */

/* Begin PBXVariantGroup section */
		50376D3C24E5379600D95A6B /* Main.storyboard */ = {
			isa = PBXVariantGroup;
			children = (
				50376D3D24E5379600D95A6B /* Base */,
			);
			name = Main.storyboard;
			sourceTree = "<group>";
		};
		50376D4424E5379800D95A6B /* LaunchScreen.storyboard */ = {
			isa = PBXVariantGroup;
			children = (
				50376D4524E5379800D95A6B /* Base */,
			);
			name = LaunchScreen.storyboard;
			sourceTree = "<group>";
		};
/* End PBXVariantGroup section */

/* Begin XCBuildConfiguration section */
		50376D4824E5379800D95A6B /* Debug */ = {
			isa = XCBuildConfiguration;
			buildSettings = {
				ALWAYS_SEARCH_USER_PATHS = NO;
				CLANG_ANALYZER_NONNULL = YES;
				CLANG_ANALYZER_NUMBER_OBJECT_CONVERSION = YES_AGGRESSIVE;
				CLANG_CXX_LANGUAGE_STANDARD = "gnu++14";
				CLANG_CXX_LIBRARY = "libc++";
				CLANG_ENABLE_MODULES = YES;
				CLANG_ENABLE_OBJC_ARC = YES;
				CLANG_ENABLE_OBJC_WEAK = YES;
				CLANG_WARN_BLOCK_CAPTURE_AUTORELEASING = YES;
				CLANG_WARN_BOOL_CONVERSION = YES;
				CLANG_WARN_COMMA = YES;
				CLANG_WARN_CONSTANT_CONVERSION = YES;
				CLANG_WARN_DEPRECATED_OBJC_IMPLEMENTATIONS = YES;
				CLANG_WARN_DIRECT_OBJC_ISA_USAGE = YES_ERROR;
				CLANG_WARN_DOCUMENTATION_COMMENTS = YES;
				CLANG_WARN_EMPTY_BODY = YES;
				CLANG_WARN_ENUM_CONVERSION = YES;
				CLANG_WARN_INFINITE_RECURSION = YES;
				CLANG_WARN_INT_CONVERSION = YES;
				CLANG_WARN_NON_LITERAL_NULL_CONVERSION = YES;
				CLANG_WARN_OBJC_IMPLICIT_RETAIN_SELF = YES;
				CLANG_WARN_OBJC_LITERAL_CONVERSION = YES;
				CLANG_WARN_OBJC_ROOT_CLASS = YES_ERROR;
				CLANG_WARN_RANGE_LOOP_ANALYSIS = YES;
				CLANG_WARN_STRICT_PROTOTYPES = YES;
				CLANG_WARN_SUSPICIOUS_MOVE = YES;
				CLANG_WARN_UNGUARDED_AVAILABILITY = YES_AGGRESSIVE;
				CLANG_WARN_UNREACHABLE_CODE = YES;
				CLANG_WARN__DUPLICATE_METHOD_MATCH = YES;
				COPY_PHASE_STRIP = NO;
				DEBUG_INFORMATION_FORMAT = dwarf;
				ENABLE_STRICT_OBJC_MSGSEND = YES;
				ENABLE_TESTABILITY = YES;
				GCC_C_LANGUAGE_STANDARD = gnu11;
				GCC_DYNAMIC_NO_PIC = NO;
				GCC_NO_COMMON_BLOCKS = YES;
				GCC_OPTIMIZATION_LEVEL = 0;
				GCC_PREPROCESSOR_DEFINITIONS = (
					"DEBUG=1",
					"$(inherited)",
				);
				GCC_WARN_64_TO_32_BIT_CONVERSION = YES;
				GCC_WARN_ABOUT_RETURN_TYPE = YES_ERROR;
				GCC_WARN_UNDECLARED_SELECTOR = YES;
				GCC_WARN_UNINITIALIZED_AUTOS = YES_AGGRESSIVE;
				GCC_WARN_UNUSED_FUNCTION = YES;
				GCC_WARN_UNUSED_VARIABLE = YES;
				IPHONEOS_DEPLOYMENT_TARGET = 13.6;
				MTL_ENABLE_DEBUG_INFO = INCLUDE_SOURCE;
				MTL_FAST_MATH = YES;
				ONLY_ACTIVE_ARCH = YES;
				SDKROOT = iphoneos;
				SWIFT_ACTIVE_COMPILATION_CONDITIONS = DEBUG;
				SWIFT_OPTIMIZATION_LEVEL = "-Onone";
			};
			name = Debug;
		};
		50376D4924E5379800D95A6B /* Release */ = {
			isa = XCBuildConfiguration;
			buildSettings = {
				ALWAYS_SEARCH_USER_PATHS = NO;
				CLANG_ANALYZER_NONNULL = YES;
				CLANG_ANALYZER_NUMBER_OBJECT_CONVERSION = YES_AGGRESSIVE;
				CLANG_CXX_LANGUAGE_STANDARD = "gnu++14";
				CLANG_CXX_LIBRARY = "libc++";
				CLANG_ENABLE_MODULES = YES;
				CLANG_ENABLE_OBJC_ARC = YES;
				CLANG_ENABLE_OBJC_WEAK = YES;
				CLANG_WARN_BLOCK_CAPTURE_AUTORELEASING = YES;
				CLANG_WARN_BOOL_CONVERSION = YES;
				CLANG_WARN_COMMA = YES;
				CLANG_WARN_CONSTANT_CONVERSION = YES;
				CLANG_WARN_DEPRECATED_OBJC_IMPLEMENTATIONS = YES;
				CLANG_WARN_DIRECT_OBJC_ISA_USAGE = YES_ERROR;
				CLANG_WARN_DOCUMENTATION_COMMENTS = YES;
				CLANG_WARN_EMPTY_BODY = YES;
				CLANG_WARN_ENUM_CONVERSION = YES;
				CLANG_WARN_INFINITE_RECURSION = YES;
				CLANG_WARN_INT_CONVERSION = YES;
				CLANG_WARN_NON_LITERAL_NULL_CONVERSION = YES;
				CLANG_WARN_OBJC_IMPLICIT_RETAIN_SELF = YES;
				CLANG_WARN_OBJC_LITERAL_CONVERSION = YES;
				CLANG_WARN_OBJC_ROOT_CLASS = YES_ERROR;
				CLANG_WARN_RANGE_LOOP_ANALYSIS = YES;
				CLANG_WARN_STRICT_PROTOTYPES = YES;
				CLANG_WARN_SUSPICIOUS_MOVE = YES;
				CLANG_WARN_UNGUARDED_AVAILABILITY = YES_AGGRESSIVE;
				CLANG_WARN_UNREACHABLE_CODE = YES;
				CLANG_WARN__DUPLICATE_METHOD_MATCH = YES;
				COPY_PHASE_STRIP = NO;
				DEBUG_INFORMATION_FORMAT = "dwarf-with-dsym";
				ENABLE_NS_ASSERTIONS = NO;
				ENABLE_STRICT_OBJC_MSGSEND = YES;
				GCC_C_LANGUAGE_STANDARD = gnu11;
				GCC_NO_COMMON_BLOCKS = YES;
				GCC_WARN_64_TO_32_BIT_CONVERSION = YES;
				GCC_WARN_ABOUT_RETURN_TYPE = YES_ERROR;
				GCC_WARN_UNDECLARED_SELECTOR = YES;
				GCC_WARN_UNINITIALIZED_AUTOS = YES_AGGRESSIVE;
				GCC_WARN_UNUSED_FUNCTION = YES;
				GCC_WARN_UNUSED_VARIABLE = YES;
				IPHONEOS_DEPLOYMENT_TARGET = 13.6;
				MTL_ENABLE_DEBUG_INFO = NO;
				MTL_FAST_MATH = YES;
				SDKROOT = iphoneos;
				SWIFT_COMPILATION_MODE = wholemodule;
				SWIFT_OPTIMIZATION_LEVEL = "-O";
				VALIDATE_PRODUCT = YES;
			};
			name = Release;
		};
		50376D4B24E5379800D95A6B /* Debug */ = {
			isa = XCBuildConfiguration;
			baseConfigurationReference = 6465B585B6C72218E3D76A56 /* Pods-HomeWork14.debug.xcconfig */;
			buildSettings = {
				ASSETCATALOG_COMPILER_APPICON_NAME = AppIcon;
				CODE_SIGN_STYLE = Automatic;
				INFOPLIST_FILE = HomeWork14/Info.plist;
				IPHONEOS_DEPLOYMENT_TARGET = 13.0;
				LD_RUNPATH_SEARCH_PATHS = (
					"$(inherited)",
					"@executable_path/Frameworks",
				);
				PRODUCT_BUNDLE_IDENTIFIER = com.albakm.HomeWork14;
				PRODUCT_NAME = "$(TARGET_NAME)";
				SWIFT_VERSION = 5.0;
				TARGETED_DEVICE_FAMILY = "1,2";
			};
			name = Debug;
		};
		50376D4C24E5379800D95A6B /* Release */ = {
			isa = XCBuildConfiguration;
			baseConfigurationReference = 1CCA29E089DE3AC04447A481 /* Pods-HomeWork14.release.xcconfig */;
			buildSettings = {
				ASSETCATALOG_COMPILER_APPICON_NAME = AppIcon;
				CODE_SIGN_STYLE = Automatic;
				INFOPLIST_FILE = HomeWork14/Info.plist;
				IPHONEOS_DEPLOYMENT_TARGET = 13.0;
				LD_RUNPATH_SEARCH_PATHS = (
					"$(inherited)",
					"@executable_path/Frameworks",
				);
				PRODUCT_BUNDLE_IDENTIFIER = com.albakm.HomeWork14;
				PRODUCT_NAME = "$(TARGET_NAME)";
				SWIFT_VERSION = 5.0;
				TARGETED_DEVICE_FAMILY = "1,2";
			};
			name = Release;
		};
/* End XCBuildConfiguration section */

/* Begin XCConfigurationList section */
		50376D2E24E5379600D95A6B /* Build configuration list for PBXProject "HomeWork14" */ = {
			isa = XCConfigurationList;
			buildConfigurations = (
				50376D4824E5379800D95A6B /* Debug */,
				50376D4924E5379800D95A6B /* Release */,
			);
			defaultConfigurationIsVisible = 0;
			defaultConfigurationName = Release;
		};
		50376D4A24E5379800D95A6B /* Build configuration list for PBXNativeTarget "HomeWork14" */ = {
			isa = XCConfigurationList;
			buildConfigurations = (
				50376D4B24E5379800D95A6B /* Debug */,
				50376D4C24E5379800D95A6B /* Release */,
			);
			defaultConfigurationIsVisible = 0;
			defaultConfigurationName = Release;
		};
/* End XCConfigurationList section */

/* Begin XCVersionGroup section */
		50376D3F24E5379600D95A6B /* HomeWork14.xcdatamodeld */ = {
			isa = XCVersionGroup;
			children = (
				50376D4024E5379600D95A6B /* HomeWork14.xcdatamodel */,
			);
			currentVersion = 50376D4024E5379600D95A6B /* HomeWork14.xcdatamodel */;
			path = HomeWork14.xcdatamodeld;
			sourceTree = "<group>";
			versionGroupType = wrapper.xcdatamodel;
		};
/* End XCVersionGroup section */
	};
	rootObject = 50376D2B24E5379600D95A6B /* Project object */;
}
